# @generated - this file is auto-generated by `mise lock` https://mise.jdx.dev/dev-tools/mise-lock.html

[[tools.actionlint]]
version = "1.7.12"
backend = "aqua:rhysd/actionlint"

[[tools."aqua:koalaman/shellcheck"]]
version = "0.11.0"
backend = "aqua:koalaman/shellcheck"

[[tools.cargo-binstall]]
version = "1.12.3"
backend = "aqua:cargo-bins/cargo-binstall"

[[tools."cargo:cargo-llvm-cov"]]
version = "0.8.4"
backend = "cargo:cargo-llvm-cov"

[[tools."cargo:cargo-nextest"]]
version = "0.9.130"
backend = "cargo:cargo-nextest"

[[tools."cargo:git-tpl"]]
version = "0.5.0"
backend = "cargo:git-tpl"

[[tools.git-cliff]]
version = "2.12.0"
backend = "aqua:orhun/git-cliff"

[[tools.prek]]
version = "0.4.13"
backend = "aqua:j178/prek"

[[tools.typos]]
version = "1.47.1"
backend = "aqua:crate-ci/typos"

[[tools.uv]]
version = "0.12.0"
backend = "aqua:astral-sh/uv"
